
Microsoft Visual Studio Solution File, Format Version 11.00
# Visual Studio 2010
Project("{FAE04EC0-301F-11D3-BF4B-00C04F79EFBC}") = "AntoBoxApplication", "AntoBoxApplication\AntoBoxApplication.csproj", "{DB54E552-7EE3-439C-A560-C87CC6A22D0D}"
EndProject
Project("{FAE04EC0-301F-11D3-BF4B-00C04F79EFBC}") = "AntoBox", "AntoBox\AntoBox.csproj", "{1973711B-5190-441B-9310-DDA36B97801F}"
EndProject
Global
	GlobalSection(SolutionConfigurationPlatforms) = preSolution
		Debug|Any CPU = Debug|Any CPU
		Debug|Mixed Platforms = Debug|Mixed Platforms
		Debug|x86 = Debug|x86
		Release|Any CPU = Release|Any CPU
		Release|Mixed Platforms = Release|Mixed Platforms
		Release|x86 = Release|x86
	EndGlobalSection
	GlobalSection(ProjectConfigurationPlatforms) = postSolution
		{DB54E552-7EE3-439C-A560-C87CC6A22D0D}.Debug|Any CPU.ActiveCfg = Debug|x86
		{DB54E552-7EE3-439C-A560-C87CC6A22D0D}.Debug|Mixed Platforms.ActiveCfg = Debug|x86
		{DB54E552-7EE3-439C-A560-C87CC6A22D0D}.Debug|Mixed Platforms.Build.0 = Debug|x86
		{DB54E552-7EE3-439C-A560-C87CC6A22D0D}.Debug|x86.ActiveCfg = Debug|x86
		{DB54E552-7EE3-439C-A560-C87CC6A22D0D}.Debug|x86.Build.0 = Debug|x86
		{DB54E552-7EE3-439C-A560-C87CC6A22D0D}.Release|Any CPU.ActiveCfg = Release|x86
		{DB54E552-7EE3-439C-A560-C87CC6A22D0D}.Release|Mixed Platforms.ActiveCfg = Release|x86
		{DB54E552-7EE3-439C-A560-C87CC6A22D0D}.Release|Mixed Platforms.Build.0 = Release|x86
		{DB54E552-7EE3-439C-A560-C87CC6A22D0D}.Release|x86.ActiveCfg = Release|x86
		{DB54E552-7EE3-439C-A560-C87CC6A22D0D}.Release|x86.Build.0 = Release|x86
		{1973711B-5190-441B-9310-DDA36B97801F}.Debug|Any CPU.ActiveCfg = Debug|Any CPU
		{1973711B-5190-441B-9310-DDA36B97801F}.Debug|Any CPU.Build.0 = Debug|Any CPU
		{1973711B-5190-441B-9310-DDA36B97801F}.Debug|Mixed Platforms.ActiveCfg = Debug|Any CPU
		{1973711B-5190-441B-9310-DDA36B97801F}.Debug|Mixed Platforms.Build.0 = Debug|Any CPU
		{1973711B-5190-441B-9310-DDA36B97801F}.Debug|x86.ActiveCfg = Debug|Any CPU
		{1973711B-5190-441B-9310-DDA36B97801F}.Release|Any CPU.ActiveCfg = Release|Any CPU
		{1973711B-5190-441B-9310-DDA36B97801F}.Release|Any CPU.Build.0 = Release|Any CPU
		{1973711B-5190-441B-9310-DDA36B97801F}.Release|Mixed Platforms.ActiveCfg = Release|Any CPU
		{1973711B-5190-441B-9310-DDA36B97801F}.Release|Mixed Platforms.Build.0 = Release|Any CPU
		{1973711B-5190-441B-9310-DDA36B97801F}.Release|x86.ActiveCfg = Release|Any CPU
	EndGlobalSection
	GlobalSection(SolutionProperties) = preSolution
		HideSolutionNode = FALSE
	EndGlobalSection
EndGlobal
